### YamlMime:ManagedReference
items:
- uid: BlockEngine.Client.Framework.Blocks.Block
  commentId: T:BlockEngine.Client.Framework.Blocks.Block
  id: Block
  parent: BlockEngine.Client.Framework.Blocks
  children:
  - BlockEngine.Client.Framework.Blocks.Block.#ctor(System.UInt16,System.String,BlockEngine.Client.Framework.Blocks.BlockRenderType,BlockEngine.Client.Framework.Blocks.Textures.BlockFaceTextureCollection)
  - BlockEngine.Client.Framework.Blocks.Block.GetDefaultState
  - BlockEngine.Client.Framework.Blocks.Block.GetFaceTextureIndex(BlockEngine.Client.Framework.Blocks.BlockState,BlockEngine.Client.Framework.Meshing.BlockFace)
  - BlockEngine.Client.Framework.Blocks.Block.Id
  - BlockEngine.Client.Framework.Blocks.Block.Name
  - BlockEngine.Client.Framework.Blocks.Block.RenderType
  langs:
  - csharp
  - vb
  name: Block
  nameWithType: Block
  fullName: BlockEngine.Client.Framework.Blocks.Block
  type: Class
  source:
    remote:
      path: source/client/source/Framework/Blocks/Block.cs
      branch: dev
      repo: https://github.com/japsuu/BlockEngine.git
    id: Block
    path: ../source/client/source/Framework/Blocks/Block.cs
    startLine: 11
  assemblies:
  - Client
  namespace: BlockEngine.Client.Framework.Blocks
  summary: >-
    Blocks are what define the unique functionality of a block. It has functions to override the default behavior of a block.

    Blocks are stored only once in memory, and are accessed through a reference if needed.

    BlockState is what is stored in a dynamic palette.
  example: []
  syntax:
    content: public class Block
    content.vb: Public Class Block
  inheritance:
  - System.Object
  inheritedMembers:
  - System.Object.Equals(System.Object)
  - System.Object.Equals(System.Object,System.Object)
  - System.Object.GetHashCode
  - System.Object.GetType
  - System.Object.MemberwiseClone
  - System.Object.ReferenceEquals(System.Object,System.Object)
  - System.Object.ToString
- uid: BlockEngine.Client.Framework.Blocks.Block.Id
  commentId: F:BlockEngine.Client.Framework.Blocks.Block.Id
  id: Id
  parent: BlockEngine.Client.Framework.Blocks.Block
  langs:
  - csharp
  - vb
  name: Id
  nameWithType: Block.Id
  fullName: BlockEngine.Client.Framework.Blocks.Block.Id
  type: Field
  source:
    remote:
      path: source/client/source/Framework/Blocks/Block.cs
      branch: dev
      repo: https://github.com/japsuu/BlockEngine.git
    id: Id
    path: ../source/client/source/Framework/Blocks/Block.cs
    startLine: 13
  assemblies:
  - Client
  namespace: BlockEngine.Client.Framework.Blocks
  syntax:
    content: public readonly ushort Id
    return:
      type: System.UInt16
    content.vb: Public ReadOnly Id As UShort
- uid: BlockEngine.Client.Framework.Blocks.Block.Name
  commentId: F:BlockEngine.Client.Framework.Blocks.Block.Name
  id: Name
  parent: BlockEngine.Client.Framework.Blocks.Block
  langs:
  - csharp
  - vb
  name: Name
  nameWithType: Block.Name
  fullName: BlockEngine.Client.Framework.Blocks.Block.Name
  type: Field
  source:
    remote:
      path: source/client/source/Framework/Blocks/Block.cs
      branch: dev
      repo: https://github.com/japsuu/BlockEngine.git
    id: Name
    path: ../source/client/source/Framework/Blocks/Block.cs
    startLine: 14
  assemblies:
  - Client
  namespace: BlockEngine.Client.Framework.Blocks
  syntax:
    content: public readonly string? Name
    return:
      type: System.String
    content.vb: Public ReadOnly Name As String
- uid: BlockEngine.Client.Framework.Blocks.Block.RenderType
  commentId: F:BlockEngine.Client.Framework.Blocks.Block.RenderType
  id: RenderType
  parent: BlockEngine.Client.Framework.Blocks.Block
  langs:
  - csharp
  - vb
  name: RenderType
  nameWithType: Block.RenderType
  fullName: BlockEngine.Client.Framework.Blocks.Block.RenderType
  type: Field
  source:
    remote:
      path: source/client/source/Framework/Blocks/Block.cs
      branch: dev
      repo: https://github.com/japsuu/BlockEngine.git
    id: RenderType
    path: ../source/client/source/Framework/Blocks/Block.cs
    startLine: 15
  assemblies:
  - Client
  namespace: BlockEngine.Client.Framework.Blocks
  syntax:
    content: public readonly BlockRenderType RenderType
    return:
      type: BlockEngine.Client.Framework.Blocks.BlockRenderType
    content.vb: Public ReadOnly RenderType As BlockRenderType
- uid: BlockEngine.Client.Framework.Blocks.Block.#ctor(System.UInt16,System.String,BlockEngine.Client.Framework.Blocks.BlockRenderType,BlockEngine.Client.Framework.Blocks.Textures.BlockFaceTextureCollection)
  commentId: M:BlockEngine.Client.Framework.Blocks.Block.#ctor(System.UInt16,System.String,BlockEngine.Client.Framework.Blocks.BlockRenderType,BlockEngine.Client.Framework.Blocks.Textures.BlockFaceTextureCollection)
  id: '#ctor(System.UInt16,System.String,BlockEngine.Client.Framework.Blocks.BlockRenderType,BlockEngine.Client.Framework.Blocks.Textures.BlockFaceTextureCollection)'
  parent: BlockEngine.Client.Framework.Blocks.Block
  langs:
  - csharp
  - vb
  name: Block(ushort, string, BlockRenderType, BlockFaceTextureCollection?)
  nameWithType: Block.Block(ushort, string, BlockRenderType, BlockFaceTextureCollection?)
  fullName: BlockEngine.Client.Framework.Blocks.Block.Block(ushort, string, BlockEngine.Client.Framework.Blocks.BlockRenderType, BlockEngine.Client.Framework.Blocks.Textures.BlockFaceTextureCollection?)
  type: Constructor
  source:
    remote:
      path: source/client/source/Framework/Blocks/Block.cs
      branch: dev
      repo: https://github.com/japsuu/BlockEngine.git
    id: .ctor
    path: ../source/client/source/Framework/Blocks/Block.cs
    startLine: 21
  assemblies:
  - Client
  namespace: BlockEngine.Client.Framework.Blocks
  syntax:
    content: public Block(ushort id, string name, BlockRenderType renderType, BlockFaceTextureCollection? textures)
    parameters:
    - id: id
      type: System.UInt16
    - id: name
      type: System.String
    - id: renderType
      type: BlockEngine.Client.Framework.Blocks.BlockRenderType
    - id: textures
      type: BlockEngine.Client.Framework.Blocks.Textures.BlockFaceTextureCollection
    content.vb: Public Sub New(id As UShort, name As String, renderType As BlockRenderType, textures As BlockFaceTextureCollection)
  overload: BlockEngine.Client.Framework.Blocks.Block.#ctor*
  nameWithType.vb: Block.New(UShort, String, BlockRenderType, BlockFaceTextureCollection)
  fullName.vb: BlockEngine.Client.Framework.Blocks.Block.New(UShort, String, BlockEngine.Client.Framework.Blocks.BlockRenderType, BlockEngine.Client.Framework.Blocks.Textures.BlockFaceTextureCollection)
  name.vb: New(UShort, String, BlockRenderType, BlockFaceTextureCollection)
- uid: BlockEngine.Client.Framework.Blocks.Block.GetDefaultState
  commentId: M:BlockEngine.Client.Framework.Blocks.Block.GetDefaultState
  id: GetDefaultState
  parent: BlockEngine.Client.Framework.Blocks.Block
  langs:
  - csharp
  - vb
  name: GetDefaultState()
  nameWithType: Block.GetDefaultState()
  fullName: BlockEngine.Client.Framework.Blocks.Block.GetDefaultState()
  type: Method
  source:
    remote:
      path: source/client/source/Framework/Blocks/Block.cs
      branch: dev
      repo: https://github.com/japsuu/BlockEngine.git
    id: GetDefaultState
    path: ../source/client/source/Framework/Blocks/Block.cs
    startLine: 31
  assemblies:
  - Client
  namespace: BlockEngine.Client.Framework.Blocks
  syntax:
    content: public BlockState GetDefaultState()
    return:
      type: BlockEngine.Client.Framework.Blocks.BlockState
    content.vb: Public Function GetDefaultState() As BlockState
  overload: BlockEngine.Client.Framework.Blocks.Block.GetDefaultState*
- uid: BlockEngine.Client.Framework.Blocks.Block.GetFaceTextureIndex(BlockEngine.Client.Framework.Blocks.BlockState,BlockEngine.Client.Framework.Meshing.BlockFace)
  commentId: M:BlockEngine.Client.Framework.Blocks.Block.GetFaceTextureIndex(BlockEngine.Client.Framework.Blocks.BlockState,BlockEngine.Client.Framework.Meshing.BlockFace)
  id: GetFaceTextureIndex(BlockEngine.Client.Framework.Blocks.BlockState,BlockEngine.Client.Framework.Meshing.BlockFace)
  parent: BlockEngine.Client.Framework.Blocks.Block
  langs:
  - csharp
  - vb
  name: GetFaceTextureIndex(BlockState, BlockFace)
  nameWithType: Block.GetFaceTextureIndex(BlockState, BlockFace)
  fullName: BlockEngine.Client.Framework.Blocks.Block.GetFaceTextureIndex(BlockEngine.Client.Framework.Blocks.BlockState, BlockEngine.Client.Framework.Meshing.BlockFace)
  type: Method
  source:
    remote:
      path: source/client/source/Framework/Blocks/Block.cs
      branch: dev
      repo: https://github.com/japsuu/BlockEngine.git
    id: GetFaceTextureIndex
    path: ../source/client/source/Framework/Blocks/Block.cs
    startLine: 37
  assemblies:
  - Client
  namespace: BlockEngine.Client.Framework.Blocks
  syntax:
    content: public ushort GetFaceTextureIndex(BlockState blockState, BlockFace faceNormal)
    parameters:
    - id: blockState
      type: BlockEngine.Client.Framework.Blocks.BlockState
    - id: faceNormal
      type: BlockEngine.Client.Framework.Meshing.BlockFace
    return:
      type: System.UInt16
    content.vb: Public Function GetFaceTextureIndex(blockState As BlockState, faceNormal As BlockFace) As UShort
  overload: BlockEngine.Client.Framework.Blocks.Block.GetFaceTextureIndex*
references:
- uid: BlockEngine.Client.Framework.Blocks
  commentId: N:BlockEngine.Client.Framework.Blocks
  href: BlockEngine.html
  name: BlockEngine.Client.Framework.Blocks
  nameWithType: BlockEngine.Client.Framework.Blocks
  fullName: BlockEngine.Client.Framework.Blocks
  spec.csharp:
  - uid: BlockEngine
    name: BlockEngine
    href: BlockEngine.html
  - name: .
  - uid: BlockEngine.Client
    name: Client
    href: BlockEngine.Client.html
  - name: .
  - uid: BlockEngine.Client.Framework
    name: Framework
    href: BlockEngine.Client.Framework.html
  - name: .
  - uid: BlockEngine.Client.Framework.Blocks
    name: Blocks
    href: BlockEngine.Client.Framework.Blocks.html
  spec.vb:
  - uid: BlockEngine
    name: BlockEngine
    href: BlockEngine.html
  - name: .
  - uid: BlockEngine.Client
    name: Client
    href: BlockEngine.Client.html
  - name: .
  - uid: BlockEngine.Client.Framework
    name: Framework
    href: BlockEngine.Client.Framework.html
  - name: .
  - uid: BlockEngine.Client.Framework.Blocks
    name: Blocks
    href: BlockEngine.Client.Framework.Blocks.html
- uid: System.Object
  commentId: T:System.Object
  parent: System
  isExternal: true
  href: https://learn.microsoft.com/dotnet/api/system.object
  name: object
  nameWithType: object
  fullName: object
  nameWithType.vb: Object
  fullName.vb: Object
  name.vb: Object
- uid: System.Object.Equals(System.Object)
  commentId: M:System.Object.Equals(System.Object)
  parent: System.Object
  isExternal: true
  href: https://learn.microsoft.com/dotnet/api/system.object.equals#system-object-equals(system-object)
  name: Equals(object)
  nameWithType: object.Equals(object)
  fullName: object.Equals(object)
  nameWithType.vb: Object.Equals(Object)
  fullName.vb: Object.Equals(Object)
  name.vb: Equals(Object)
  spec.csharp:
  - uid: System.Object.Equals(System.Object)
    name: Equals
    isExternal: true
    href: https://learn.microsoft.com/dotnet/api/system.object.equals#system-object-equals(system-object)
  - name: (
  - uid: System.Object
    name: object
    isExternal: true
    href: https://learn.microsoft.com/dotnet/api/system.object
  - name: )
  spec.vb:
  - uid: System.Object.Equals(System.Object)
    name: Equals
    isExternal: true
    href: https://learn.microsoft.com/dotnet/api/system.object.equals#system-object-equals(system-object)
  - name: (
  - uid: System.Object
    name: Object
    isExternal: true
    href: https://learn.microsoft.com/dotnet/api/system.object
  - name: )
- uid: System.Object.Equals(System.Object,System.Object)
  commentId: M:System.Object.Equals(System.Object,System.Object)
  parent: System.Object
  isExternal: true
  href: https://learn.microsoft.com/dotnet/api/system.object.equals#system-object-equals(system-object-system-object)
  name: Equals(object, object)
  nameWithType: object.Equals(object, object)
  fullName: object.Equals(object, object)
  nameWithType.vb: Object.Equals(Object, Object)
  fullName.vb: Object.Equals(Object, Object)
  name.vb: Equals(Object, Object)
  spec.csharp:
  - uid: System.Object.Equals(System.Object,System.Object)
    name: Equals
    isExternal: true
    href: https://learn.microsoft.com/dotnet/api/system.object.equals#system-object-equals(system-object-system-object)
  - name: (
  - uid: System.Object
    name: object
    isExternal: true
    href: https://learn.microsoft.com/dotnet/api/system.object
  - name: ','
  - name: " "
  - uid: System.Object
    name: object
    isExternal: true
    href: https://learn.microsoft.com/dotnet/api/system.object
  - name: )
  spec.vb:
  - uid: System.Object.Equals(System.Object,System.Object)
    name: Equals
    isExternal: true
    href: https://learn.microsoft.com/dotnet/api/system.object.equals#system-object-equals(system-object-system-object)
  - name: (
  - uid: System.Object
    name: Object
    isExternal: true
    href: https://learn.microsoft.com/dotnet/api/system.object
  - name: ','
  - name: " "
  - uid: System.Object
    name: Object
    isExternal: true
    href: https://learn.microsoft.com/dotnet/api/system.object
  - name: )
- uid: System.Object.GetHashCode
  commentId: M:System.Object.GetHashCode
  parent: System.Object
  isExternal: true
  href: https://learn.microsoft.com/dotnet/api/system.object.gethashcode
  name: GetHashCode()
  nameWithType: object.GetHashCode()
  fullName: object.GetHashCode()
  nameWithType.vb: Object.GetHashCode()
  fullName.vb: Object.GetHashCode()
  spec.csharp:
  - uid: System.Object.GetHashCode
    name: GetHashCode
    isExternal: true
    href: https://learn.microsoft.com/dotnet/api/system.object.gethashcode
  - name: (
  - name: )
  spec.vb:
  - uid: System.Object.GetHashCode
    name: GetHashCode
    isExternal: true
    href: https://learn.microsoft.com/dotnet/api/system.object.gethashcode
  - name: (
  - name: )
- uid: System.Object.GetType
  commentId: M:System.Object.GetType
  parent: System.Object
  isExternal: true
  href: https://learn.microsoft.com/dotnet/api/system.object.gettype
  name: GetType()
  nameWithType: object.GetType()
  fullName: object.GetType()
  nameWithType.vb: Object.GetType()
  fullName.vb: Object.GetType()
  spec.csharp:
  - uid: System.Object.GetType
    name: GetType
    isExternal: true
    href: https://learn.microsoft.com/dotnet/api/system.object.gettype
  - name: (
  - name: )
  spec.vb:
  - uid: System.Object.GetType
    name: GetType
    isExternal: true
    href: https://learn.microsoft.com/dotnet/api/system.object.gettype
  - name: (
  - name: )
- uid: System.Object.MemberwiseClone
  commentId: M:System.Object.MemberwiseClone
  parent: System.Object
  isExternal: true
  href: https://learn.microsoft.com/dotnet/api/system.object.memberwiseclone
  name: MemberwiseClone()
  nameWithType: object.MemberwiseClone()
  fullName: object.MemberwiseClone()
  nameWithType.vb: Object.MemberwiseClone()
  fullName.vb: Object.MemberwiseClone()
  spec.csharp:
  - uid: System.Object.MemberwiseClone
    name: MemberwiseClone
    isExternal: true
    href: https://learn.microsoft.com/dotnet/api/system.object.memberwiseclone
  - name: (
  - name: )
  spec.vb:
  - uid: System.Object.MemberwiseClone
    name: MemberwiseClone
    isExternal: true
    href: https://learn.microsoft.com/dotnet/api/system.object.memberwiseclone
  - name: (
  - name: )
- uid: System.Object.ReferenceEquals(System.Object,System.Object)
  commentId: M:System.Object.ReferenceEquals(System.Object,System.Object)
  parent: System.Object
  isExternal: true
  href: https://learn.microsoft.com/dotnet/api/system.object.referenceequals
  name: ReferenceEquals(object, object)
  nameWithType: object.ReferenceEquals(object, object)
  fullName: object.ReferenceEquals(object, object)
  nameWithType.vb: Object.ReferenceEquals(Object, Object)
  fullName.vb: Object.ReferenceEquals(Object, Object)
  name.vb: ReferenceEquals(Object, Object)
  spec.csharp:
  - uid: System.Object.ReferenceEquals(System.Object,System.Object)
    name: ReferenceEquals
    isExternal: true
    href: https://learn.microsoft.com/dotnet/api/system.object.referenceequals
  - name: (
  - uid: System.Object
    name: object
    isExternal: true
    href: https://learn.microsoft.com/dotnet/api/system.object
  - name: ','
  - name: " "
  - uid: System.Object
    name: object
    isExternal: true
    href: https://learn.microsoft.com/dotnet/api/system.object
  - name: )
  spec.vb:
  - uid: System.Object.ReferenceEquals(System.Object,System.Object)
    name: ReferenceEquals
    isExternal: true
    href: https://learn.microsoft.com/dotnet/api/system.object.referenceequals
  - name: (
  - uid: System.Object
    name: Object
    isExternal: true
    href: https://learn.microsoft.com/dotnet/api/system.object
  - name: ','
  - name: " "
  - uid: System.Object
    name: Object
    isExternal: true
    href: https://learn.microsoft.com/dotnet/api/system.object
  - name: )
- uid: System.Object.ToString
  commentId: M:System.Object.ToString
  parent: System.Object
  isExternal: true
  href: https://learn.microsoft.com/dotnet/api/system.object.tostring
  name: ToString()
  nameWithType: object.ToString()
  fullName: object.ToString()
  nameWithType.vb: Object.ToString()
  fullName.vb: Object.ToString()
  spec.csharp:
  - uid: System.Object.ToString
    name: ToString
    isExternal: true
    href: https://learn.microsoft.com/dotnet/api/system.object.tostring
  - name: (
  - name: )
  spec.vb:
  - uid: System.Object.ToString
    name: ToString
    isExternal: true
    href: https://learn.microsoft.com/dotnet/api/system.object.tostring
  - name: (
  - name: )
- uid: System
  commentId: N:System
  isExternal: true
  href: https://learn.microsoft.com/dotnet/api/system
  name: System
  nameWithType: System
  fullName: System
- uid: System.UInt16
  commentId: T:System.UInt16
  parent: System
  isExternal: true
  href: https://learn.microsoft.com/dotnet/api/system.uint16
  name: ushort
  nameWithType: ushort
  fullName: ushort
  nameWithType.vb: UShort
  fullName.vb: UShort
  name.vb: UShort
- uid: System.String
  commentId: T:System.String
  parent: System
  isExternal: true
  href: https://learn.microsoft.com/dotnet/api/system.string
  name: string
  nameWithType: string
  fullName: string
  nameWithType.vb: String
  fullName.vb: String
  name.vb: String
- uid: BlockEngine.Client.Framework.Blocks.BlockRenderType
  commentId: T:BlockEngine.Client.Framework.Blocks.BlockRenderType
  parent: BlockEngine.Client.Framework.Blocks
  href: BlockEngine.Client.Framework.Blocks.BlockRenderType.html
  name: BlockRenderType
  nameWithType: BlockRenderType
  fullName: BlockEngine.Client.Framework.Blocks.BlockRenderType
- uid: BlockEngine.Client.Framework.Blocks.Block.#ctor*
  commentId: Overload:BlockEngine.Client.Framework.Blocks.Block.#ctor
  href: BlockEngine.Client.Framework.Blocks.Block.html#BlockEngine_Client_Framework_Blocks_Block__ctor_System_UInt16_System_String_BlockEngine_Client_Framework_Blocks_BlockRenderType_BlockEngine_Client_Framework_Blocks_Textures_BlockFaceTextureCollection_
  name: Block
  nameWithType: Block.Block
  fullName: BlockEngine.Client.Framework.Blocks.Block.Block
  nameWithType.vb: Block.New
  fullName.vb: BlockEngine.Client.Framework.Blocks.Block.New
  name.vb: New
- uid: BlockEngine.Client.Framework.Blocks.Textures.BlockFaceTextureCollection
  commentId: T:BlockEngine.Client.Framework.Blocks.Textures.BlockFaceTextureCollection
  parent: BlockEngine.Client.Framework.Blocks.Textures
  href: BlockEngine.Client.Framework.Blocks.Textures.BlockFaceTextureCollection.html
  name: BlockFaceTextureCollection
  nameWithType: BlockFaceTextureCollection
  fullName: BlockEngine.Client.Framework.Blocks.Textures.BlockFaceTextureCollection
- uid: BlockEngine.Client.Framework.Blocks.Textures
  commentId: N:BlockEngine.Client.Framework.Blocks.Textures
  href: BlockEngine.html
  name: BlockEngine.Client.Framework.Blocks.Textures
  nameWithType: BlockEngine.Client.Framework.Blocks.Textures
  fullName: BlockEngine.Client.Framework.Blocks.Textures
  spec.csharp:
  - uid: BlockEngine
    name: BlockEngine
    href: BlockEngine.html
  - name: .
  - uid: BlockEngine.Client
    name: Client
    href: BlockEngine.Client.html
  - name: .
  - uid: BlockEngine.Client.Framework
    name: Framework
    href: BlockEngine.Client.Framework.html
  - name: .
  - uid: BlockEngine.Client.Framework.Blocks
    name: Blocks
    href: BlockEngine.Client.Framework.Blocks.html
  - name: .
  - uid: BlockEngine.Client.Framework.Blocks.Textures
    name: Textures
    href: BlockEngine.Client.Framework.Blocks.Textures.html
  spec.vb:
  - uid: BlockEngine
    name: BlockEngine
    href: BlockEngine.html
  - name: .
  - uid: BlockEngine.Client
    name: Client
    href: BlockEngine.Client.html
  - name: .
  - uid: BlockEngine.Client.Framework
    name: Framework
    href: BlockEngine.Client.Framework.html
  - name: .
  - uid: BlockEngine.Client.Framework.Blocks
    name: Blocks
    href: BlockEngine.Client.Framework.Blocks.html
  - name: .
  - uid: BlockEngine.Client.Framework.Blocks.Textures
    name: Textures
    href: BlockEngine.Client.Framework.Blocks.Textures.html
- uid: BlockEngine.Client.Framework.Blocks.Block.GetDefaultState*
  commentId: Overload:BlockEngine.Client.Framework.Blocks.Block.GetDefaultState
  href: BlockEngine.Client.Framework.Blocks.Block.html#BlockEngine_Client_Framework_Blocks_Block_GetDefaultState
  name: GetDefaultState
  nameWithType: Block.GetDefaultState
  fullName: BlockEngine.Client.Framework.Blocks.Block.GetDefaultState
- uid: BlockEngine.Client.Framework.Blocks.BlockState
  commentId: T:BlockEngine.Client.Framework.Blocks.BlockState
  parent: BlockEngine.Client.Framework.Blocks
  href: BlockEngine.Client.Framework.Blocks.BlockState.html
  name: BlockState
  nameWithType: BlockState
  fullName: BlockEngine.Client.Framework.Blocks.BlockState
- uid: BlockEngine.Client.Framework.Blocks.Block.GetFaceTextureIndex*
  commentId: Overload:BlockEngine.Client.Framework.Blocks.Block.GetFaceTextureIndex
  href: BlockEngine.Client.Framework.Blocks.Block.html#BlockEngine_Client_Framework_Blocks_Block_GetFaceTextureIndex_BlockEngine_Client_Framework_Blocks_BlockState_BlockEngine_Client_Framework_Meshing_BlockFace_
  name: GetFaceTextureIndex
  nameWithType: Block.GetFaceTextureIndex
  fullName: BlockEngine.Client.Framework.Blocks.Block.GetFaceTextureIndex
- uid: BlockEngine.Client.Framework.Meshing.BlockFace
  commentId: T:BlockEngine.Client.Framework.Meshing.BlockFace
  parent: BlockEngine.Client.Framework.Meshing
  href: BlockEngine.Client.Framework.Meshing.BlockFace.html
  name: BlockFace
  nameWithType: BlockFace
  fullName: BlockEngine.Client.Framework.Meshing.BlockFace
- uid: BlockEngine.Client.Framework.Meshing
  commentId: N:BlockEngine.Client.Framework.Meshing
  href: BlockEngine.html
  name: BlockEngine.Client.Framework.Meshing
  nameWithType: BlockEngine.Client.Framework.Meshing
  fullName: BlockEngine.Client.Framework.Meshing
  spec.csharp:
  - uid: BlockEngine
    name: BlockEngine
    href: BlockEngine.html
  - name: .
  - uid: BlockEngine.Client
    name: Client
    href: BlockEngine.Client.html
  - name: .
  - uid: BlockEngine.Client.Framework
    name: Framework
    href: BlockEngine.Client.Framework.html
  - name: .
  - uid: BlockEngine.Client.Framework.Meshing
    name: Meshing
    href: BlockEngine.Client.Framework.Meshing.html
  spec.vb:
  - uid: BlockEngine
    name: BlockEngine
    href: BlockEngine.html
  - name: .
  - uid: BlockEngine.Client
    name: Client
    href: BlockEngine.Client.html
  - name: .
  - uid: BlockEngine.Client.Framework
    name: Framework
    href: BlockEngine.Client.Framework.html
  - name: .
  - uid: BlockEngine.Client.Framework.Meshing
    name: Meshing
    href: BlockEngine.Client.Framework.Meshing.html
